{
  "object": {
    "pins": [
      {
        "package": "mongo-swift-driver",
        "repositoryURL": "https://github.com/mongodb/mongo-swift-driver",
        "state": {
          "branch": "SWIFT-936/new-bson-library",
          "revision": "0770d5227fd435f7a2d70c01b4374fe863f82a56",
          "version": null
        }
      },
      {
        "package": "Nimble",
        "repositoryURL": "https://github.com/Quick/Nimble.git",
        "state": {
          "branch": null,
          "revision": "7a46a5fc86cb917f69e3daf79fcb045283d8f008",
          "version": "8.1.2"
        }
      },
      {
        "package": "swift-bson",
        "repositoryURL": "https://github.com/mongodb/swift-bson",
        "state": {
          "branch": "master",
          "revision": "5dda5bf09645bdc2fb51b106fe879d115ab35c9e",
          "version": null
        }
      },
      {
        "package": "swift-nio",
        "repositoryURL": "https://github.com/apple/swift-nio",
        "state": {
          "branch": null,
          "revision": "c3e2359c55cd8b47207ab7363b77c9c398a95294",
          "version": "2.23.0"
        }
      }
    ]
  },
  "version": 1
}
