{
  "object": {
    "pins": [
      {
        "package": "mongo-swift-driver",
        "repositoryURL": "https://github.com/mongodb/mongo-swift-driver",
        "state": {
          "branch": "main",
          "revision": "79c069f828af6b304a4afa1b9a4195d8895f3ea1",
          "version": null
        }
      },
      {
        "package": "Nimble",
        "repositoryURL": "https://github.com/Quick/Nimble.git",
        "state": {
          "branch": null,
          "revision": "7a46a5fc86cb917f69e3daf79fcb045283d8f008",
          "version": "8.1.2"
        }
      },
      {
        "package": "swift-bson",
        "repositoryURL": "https://github.com/mongodb/swift-bson",
        "state": {
          "branch": null,
          "revision": "711690b4703ca9f3891591c1012b462aedefef14",
          "version": "3.0.2"
        }
      },
      {
        "package": "swift-extras-base64",
        "repositoryURL": "https://github.com/swift-extras/swift-extras-base64",
        "state": {
          "branch": null,
          "revision": "778e00dd7cc2b7970742f061cffc87dd570e6bfa",
          "version": "0.5.0"
        }
      },
      {
        "package": "swift-extras-json",
        "repositoryURL": "https://github.com/swift-extras/swift-extras-json",
        "state": {
          "branch": null,
          "revision": "122b9454ef01bf89a4c190b8fd3717ddd0a2fbd0",
          "version": "0.6.0"
        }
      },
      {
        "package": "swift-nio",
        "repositoryURL": "https://github.com/apple/swift-nio",
        "state": {
          "branch": null,
          "revision": "213eb6887e526e0dfac526a2eae559a1893ebbac",
          "version": "2.36.0"
        }
      }
    ]
  },
  "version": 1
}
