{
  "object": {
    "pins": [
      {
        "package": "mongo-swift-driver",
        "repositoryURL": "https://github.com/mongodb/mongo-swift-driver",
        "state": {
          "branch": "new-bson-library-and-updates",
          "revision": "9f0cc57be056b12d964a8d40e3a8b5ac55c1d18b",
          "version": null
        }
      },
      {
        "package": "Nimble",
        "repositoryURL": "https://github.com/Quick/Nimble.git",
        "state": {
          "branch": null,
          "revision": "7a46a5fc86cb917f69e3daf79fcb045283d8f008",
          "version": "8.1.2"
        }
      },
      {
        "package": "swift-bson",
        "repositoryURL": "https://github.com/mongodb/swift-bson",
        "state": {
          "branch": "efficient-skip-ahead",
          "revision": "a92b396d5802c7e7d42f403d8ebe86bea7e78c2e",
          "version": null
        }
      },
      {
        "package": "swift-nio",
        "repositoryURL": "https://github.com/apple/swift-nio",
        "state": {
          "branch": null,
          "revision": "c3e2359c55cd8b47207ab7363b77c9c398a95294",
          "version": "2.23.0"
        }
      }
    ]
  },
  "version": 1
}
